<Solution>
  <Folder Name="/src/">
    <Project Path="src/Depot/Depot.csproj" />
    <Project Path="src/DepotManager/DepotManager.csproj" />
  </Folder>
  <Folder Name="/tests/">
    <Project Path="tests/Depot.Tests/Depot.Tests.csproj" />
    <Project Path="tests/DepotManager.Tests/DepotManager.Tests.csproj" />
  </Folder>
</Solution>
